// !$*UTF8*$!
{
	archiveVersion = 1;
	classes = {
	};
	objectVersion = 46;
	objects = {

/* Begin PBXBuildFile section */
		B66E726218B6B6E700D49631 /* Cocoa.framework in Frameworks */ = {isa = PBXBuildFile; fileRef = B66E726118B6B6E700D49631 /* Cocoa.framework */; };
		B66E726C18B6B6E700D49631 /* InfoPlist.strings in Resources */ = {isa = PBXBuildFile; fileRef = B66E726A18B6B6E700D49631 /* InfoPlist.strings */; };
		B66E727418B6B7D400D49631 /* Headers in Resources */ = {isa = PBXBuildFile; fileRef = B66E727318B6B7D400D49631 /* Headers */; };
		B66E727718B6B86D00D49631 /* TPI_TwitchPlaysPokemon.m in Sources */ = {isa = PBXBuildFile; fileRef = B66E727618B6B86D00D49631 /* TPI_TwitchPlaysPokemon.m */; };
/* End PBXBuildFile section */

/* Begin PBXFileReference section */
		B66E725E18B6B6E700D49631 /* twitchplayerspokemon.bundle */ = {isa = PBXFileReference; explicitFileType = wrapper.cfbundle; includeInIndex = 0; path = twitchplayerspokemon.bundle; sourceTree = BUILT_PRODUCTS_DIR; };
		B66E726118B6B6E700D49631 /* Cocoa.framework */ = {isa = PBXFileReference; lastKnownFileType = wrapper.framework; name = Cocoa.framework; path = System/Library/Frameworks/Cocoa.framework; sourceTree = SDKROOT; };
		B66E726418B6B6E700D49631 /* Foundation.framework */ = {isa = PBXFileReference; lastKnownFileType = wrapper.framework; name = Foundation.framework; path = System/Library/Frameworks/Foundation.framework; sourceTree = SDKROOT; };
		B66E726518B6B6E700D49631 /* CoreData.framework */ = {isa = PBXFileReference; lastKnownFileType = wrapper.framework; name = CoreData.framework; path = System/Library/Frameworks/CoreData.framework; sourceTree = SDKROOT; };
		B66E726618B6B6E700D49631 /* AppKit.framework */ = {isa = PBXFileReference; lastKnownFileType = wrapper.framework; name = AppKit.framework; path = System/Library/Frameworks/AppKit.framework; sourceTree = SDKROOT; };
		B66E726918B6B6E700D49631 /* twitchplayerspokemon-Info.plist */ = {isa = PBXFileReference; lastKnownFileType = text.plist.xml; path = "twitchplayerspokemon-Info.plist"; sourceTree = "<group>"; };
		B66E726B18B6B6E700D49631 /* en */ = {isa = PBXFileReference; lastKnownFileType = text.plist.strings; name = en; path = en.lproj/InfoPlist.strings; sourceTree = "<group>"; };
		B66E726D18B6B6E700D49631 /* twitchplayerspokemon-Prefix.pch */ = {isa = PBXFileReference; lastKnownFileType = sourcecode.c.h; path = "twitchplayerspokemon-Prefix.pch"; sourceTree = "<group>"; };
		B66E727318B6B7D400D49631 /* Headers */ = {isa = PBXFileReference; lastKnownFileType = folder; name = Headers; path = ../../../../../../../Applications/Textual.app/Contents/Headers; sourceTree = "<group>"; };
		B66E727518B6B86D00D49631 /* TPI_TwitchPlaysPokemon.h */ = {isa = PBXFileReference; fileEncoding = 4; lastKnownFileType = sourcecode.c.h; path = TPI_TwitchPlaysPokemon.h; sourceTree = "<group>"; };
		B66E727618B6B86D00D49631 /* TPI_TwitchPlaysPokemon.m */ = {isa = PBXFileReference; fileEncoding = 4; lastKnownFileType = sourcecode.c.objc; path = TPI_TwitchPlaysPokemon.m; sourceTree = "<group>"; };
/* End PBXFileReference section */

/* Begin PBXFrameworksBuildPhase section */
		B66E725B18B6B6E700D49631 /* Frameworks */ = {
			isa = PBXFrameworksBuildPhase;
			buildActionMask = 2147483647;
			files = (
				B66E726218B6B6E700D49631 /* Cocoa.framework in Frameworks */,
			);
			runOnlyForDeploymentPostprocessing = 0;
		};
/* End PBXFrameworksBuildPhase section */

/* Begin PBXGroup section */
		B66E725518B6B6E700D49631 = {
			isa = PBXGroup;
			children = (
				B66E726718B6B6E700D49631 /* twitchplayerspokemon */,
				B66E726018B6B6E700D49631 /* Frameworks */,
				B66E725F18B6B6E700D49631 /* Products */,
			);
			sourceTree = "<group>";
		};
		B66E725F18B6B6E700D49631 /* Products */ = {
			isa = PBXGroup;
			children = (
				B66E725E18B6B6E700D49631 /* twitchplayerspokemon.bundle */,
			);
			name = Products;
			sourceTree = "<group>";
		};
		B66E726018B6B6E700D49631 /* Frameworks */ = {
			isa = PBXGroup;
			children = (
				B66E726118B6B6E700D49631 /* Cocoa.framework */,
				B66E726318B6B6E700D49631 /* Other Frameworks */,
			);
			name = Frameworks;
			sourceTree = "<group>";
		};
		B66E726318B6B6E700D49631 /* Other Frameworks */ = {
			isa = PBXGroup;
			children = (
				B66E726418B6B6E700D49631 /* Foundation.framework */,
				B66E726518B6B6E700D49631 /* CoreData.framework */,
				B66E726618B6B6E700D49631 /* AppKit.framework */,
			);
			name = "Other Frameworks";
			sourceTree = "<group>";
		};
		B66E726718B6B6E700D49631 /* twitchplayerspokemon */ = {
			isa = PBXGroup;
			children = (
				B66E727318B6B7D400D49631 /* Headers */,
				B66E726818B6B6E700D49631 /* Supporting Files */,
			);
			path = twitchplayerspokemon;
			sourceTree = "<group>";
		};
		B66E726818B6B6E700D49631 /* Supporting Files */ = {
			isa = PBXGroup;
			children = (
				B66E726918B6B6E700D49631 /* twitchplayerspokemon-Info.plist */,
				B66E726A18B6B6E700D49631 /* InfoPlist.strings */,
				B66E726D18B6B6E700D49631 /* twitchplayerspokemon-Prefix.pch */,
				B66E727518B6B86D00D49631 /* TPI_TwitchPlaysPokemon.h */,
				B66E727618B6B86D00D49631 /* TPI_TwitchPlaysPokemon.m */,
			);
			name = "Supporting Files";
			sourceTree = "<group>";
		};
/* End PBXGroup section */

/* Begin PBXNativeTarget section */
		B66E725D18B6B6E700D49631 /* twitchplayerspokemon */ = {
			isa = PBXNativeTarget;
			buildConfigurationList = B66E727018B6B6E700D49631 /* Build configuration list for PBXNativeTarget "twitchplayerspokemon" */;
			buildPhases = (
				B66E725A18B6B6E700D49631 /* Sources */,
				B66E725B18B6B6E700D49631 /* Frameworks */,
				B66E725C18B6B6E700D49631 /* Resources */,
			);
			buildRules = (
			);
			dependencies = (
			);
			name = twitchplayerspokemon;
			productName = twitchplayerspokemon;
			productReference = B66E725E18B6B6E700D49631 /* twitchplayerspokemon.bundle */;
			productType = "com.apple.product-type.bundle";
		};
/* End PBXNativeTarget section */

/* Begin PBXProject section */
		B66E725618B6B6E700D49631 /* Project object */ = {
			isa = PBXProject;
			attributes = {
				LastUpgradeCheck = 0500;
				ORGANIZATIONNAME = "Jonathan Dahan";
			};
			buildConfigurationList = B66E725918B6B6E700D49631 /* Build configuration list for PBXProject "twitchplayerspokemon" */;
			compatibilityVersion = "Xcode 3.2";
			developmentRegion = English;
			hasScannedForEncodings = 0;
			knownRegions = (
				en,
			);
			mainGroup = B66E725518B6B6E700D49631;
			productRefGroup = B66E725F18B6B6E700D49631 /* Products */;
			projectDirPath = "";
			projectRoot = "";
			targets = (
				B66E725D18B6B6E700D49631 /* twitchplayerspokemon */,
			);
		};
/* End PBXProject section */

/* Begin PBXResourcesBuildPhase section */
		B66E725C18B6B6E700D49631 /* Resources */ = {
			isa = PBXResourcesBuildPhase;
			buildActionMask = 2147483647;
			files = (
				B66E726C18B6B6E700D49631 /* InfoPlist.strings in Resources */,
				B66E727418B6B7D400D49631 /* Headers in Resources */,
			);
			runOnlyForDeploymentPostprocessing = 0;
		};
/* End PBXResourcesBuildPhase section */

/* Begin PBXSourcesBuildPhase section */
		B66E725A18B6B6E700D49631 /* Sources */ = {
			isa = PBXSourcesBuildPhase;
			buildActionMask = 2147483647;
			files = (
				B66E727718B6B86D00D49631 /* TPI_TwitchPlaysPokemon.m in Sources */,
			);
			runOnlyForDeploymentPostprocessing = 0;
		};
/* End PBXSourcesBuildPhase section */

/* Begin PBXVariantGroup section */
		B66E726A18B6B6E700D49631 /* InfoPlist.strings */ = {
			isa = PBXVariantGroup;
			children = (
				B66E726B18B6B6E700D49631 /* en */,
			);
			name = InfoPlist.strings;
			sourceTree = "<group>";
		};
/* End PBXVariantGroup section */

/* Begin XCBuildConfiguration section */
		B66E726E18B6B6E700D49631 /* Debug */ = {
			isa = XCBuildConfiguration;
			buildSettings = {
				ALWAYS_SEARCH_USER_PATHS = NO;
				CLANG_CXX_LANGUAGE_STANDARD = "gnu++0x";
				CLANG_CXX_LIBRARY = "libc++";
				CLANG_ENABLE_OBJC_ARC = YES;
				CLANG_WARN_BOOL_CONVERSION = YES;
				CLANG_WARN_CONSTANT_CONVERSION = YES;
				CLANG_WARN_DIRECT_OBJC_ISA_USAGE = YES_ERROR;
				CLANG_WARN_EMPTY_BODY = YES;
				CLANG_WARN_ENUM_CONVERSION = YES;
				CLANG_WARN_INT_CONVERSION = YES;
				CLANG_WARN_OBJC_ROOT_CLASS = YES_ERROR;
				CLANG_WARN__DUPLICATE_METHOD_MATCH = YES;
				COPY_PHASE_STRIP = NO;
				GCC_C_LANGUAGE_STANDARD = gnu99;
				GCC_DYNAMIC_NO_PIC = NO;
				GCC_ENABLE_OBJC_EXCEPTIONS = YES;
				GCC_OPTIMIZATION_LEVEL = 0;
				GCC_PREPROCESSOR_DEFINITIONS = (
					"DEBUG=1",
					"$(inherited)",
				);
				GCC_SYMBOLS_PRIVATE_EXTERN = NO;
				GCC_WARN_64_TO_32_BIT_CONVERSION = YES;
				GCC_WARN_ABOUT_RETURN_TYPE = YES_ERROR;
				GCC_WARN_UNDECLARED_SELECTOR = YES;
				GCC_WARN_UNINITIALIZED_AUTOS = YES;
				GCC_WARN_UNUSED_FUNCTION = YES;
				GCC_WARN_UNUSED_VARIABLE = YES;
				MACOSX_DEPLOYMENT_TARGET = 10.9;
				ONLY_ACTIVE_ARCH = YES;
				SDKROOT = macosx;
			};
			name = Debug;
		};
		B66E726F18B6B6E700D49631 /* Release */ = {
			isa = XCBuildConfiguration;
			buildSettings = {
				ALWAYS_SEARCH_USER_PATHS = NO;
				CLANG_CXX_LANGUAGE_STANDARD = "gnu++0x";
				CLANG_CXX_LIBRARY = "libc++";
				CLANG_ENABLE_OBJC_ARC = YES;
				CLANG_WARN_BOOL_CONVERSION = YES;
				CLANG_WARN_CONSTANT_CONVERSION = YES;
				CLANG_WARN_DIRECT_OBJC_ISA_USAGE = YES_ERROR;
				CLANG_WARN_EMPTY_BODY = YES;
				CLANG_WARN_ENUM_CONVERSION = YES;
				CLANG_WARN_INT_CONVERSION = YES;
				CLANG_WARN_OBJC_ROOT_CLASS = YES_ERROR;
				CLANG_WARN__DUPLICATE_METHOD_MATCH = YES;
				COPY_PHASE_STRIP = YES;
				DEBUG_INFORMATION_FORMAT = "dwarf-with-dsym";
				ENABLE_NS_ASSERTIONS = NO;
				GCC_C_LANGUAGE_STANDARD = gnu99;
				GCC_ENABLE_OBJC_EXCEPTIONS = YES;
				GCC_WARN_64_TO_32_BIT_CONVERSION = YES;
				GCC_WARN_ABOUT_RETURN_TYPE = YES_ERROR;
				GCC_WARN_UNDECLARED_SELECTOR = YES;
				GCC_WARN_UNINITIALIZED_AUTOS = YES;
				GCC_WARN_UNUSED_FUNCTION = YES;
				GCC_WARN_UNUSED_VARIABLE = YES;
				MACOSX_DEPLOYMENT_TARGET = 10.9;
				SDKROOT = macosx;
			};
			name = Release;
		};
		B66E727118B6B6E700D49631 /* Debug */ = {
			isa = XCBuildConfiguration;
			buildSettings = {
				BUNDLE_LOADER = /Applications/Textual.app/Contents/MacOS/Textual;
				COMBINE_HIDPI_IMAGES = YES;
				FRAMEWORK_SEARCH_PATHS = /Applications/Textual.app/Contents/Frameworks;
				GCC_PRECOMPILE_PREFIX_HEADER = YES;
				GCC_PREFIX_HEADER = "twitchplayerspokemon/twitchplayerspokemon-Prefix.pch";
				INFOPLIST_FILE = "twitchplayerspokemon/twitchplayerspokemon-Info.plist";
				INSTALL_PATH = "$(LOCAL_LIBRARY_DIR)/Bundles";
				ONLY_ACTIVE_ARCH = NO;
				PRODUCT_NAME = "$(TARGET_NAME)";
				USER_HEADER_SEARCH_PATHS = /Applications/Textual.app/Contents/Headers;
				WRAPPER_EXTENSION = bundle;
			};
			name = Debug;
		};
		B66E727218B6B6E700D49631 /* Release */ = {
			isa = XCBuildConfiguration;
			buildSettings = {
				BUNDLE_LOADER = /Applications/Textual.app/Contents/MacOS/Textual;
				COMBINE_HIDPI_IMAGES = YES;
				FRAMEWORK_SEARCH_PATHS = /Applications/Textual.app/Contents/Frameworks;
				GCC_PRECOMPILE_PREFIX_HEADER = YES;
				GCC_PREFIX_HEADER = "twitchplayerspokemon/twitchplayerspokemon-Prefix.pch";
				INFOPLIST_FILE = "twitchplayerspokemon/twitchplayerspokemon-Info.plist";
				INSTALL_PATH = "$(LOCAL_LIBRARY_DIR)/Bundles";
				ONLY_ACTIVE_ARCH = NO;
				PRODUCT_NAME = "$(TARGET_NAME)";
				USER_HEADER_SEARCH_PATHS = /Applications/Textual.app/Contents/Headers;
				WRAPPER_EXTENSION = bundle;
			};
			name = Release;
		};
/* End XCBuildConfiguration section */

/* Begin XCConfigurationList section */
		B66E725918B6B6E700D49631 /* Build configuration list for PBXProject "twitchplayerspokemon" */ = {
			isa = XCConfigurationList;
			buildConfigurations = (
				B66E726E18B6B6E700D49631 /* Debug */,
				B66E726F18B6B6E700D49631 /* Release */,
			);
			defaultConfigurationIsVisible = 0;
			defaultConfigurationName = Release;
		};
		B66E727018B6B6E700D49631 /* Build configuration list for PBXNativeTarget "twitchplayerspokemon" */ = {
			isa = XCConfigurationList;
			buildConfigurations = (
				B66E727118B6B6E700D49631 /* Debug */,
				B66E727218B6B6E700D49631 /* Release */,
			);
			defaultConfigurationIsVisible = 0;
			defaultConfigurationName = Release;
		};
/* End XCConfigurationList section */
	};
	rootObject = B66E725618B6B6E700D49631 /* Project object */;
}
